{
  "originHash" : "7ed1966e3e00f1cc30964015f9aca1372b03fa405ea9aca1300a7bf1d858ba6a",
  "pins" : [
    {
      "identity" : "swiftsoup",
      "kind" : "remoteSourceControl",
      "location" : "https://github.com/scinfu/SwiftSoup",
      "state" : {
        "revision" : "d1d6add8f277bd76992a0f7e72961a896609b707",
        "version" : "2.9.5"
      }
    }
  ],
  "version" : 3
}
